
Microsoft Visual Studio Solution File, Format Version 12.00
# Visual Studio Version 16
VisualStudioVersion = 16.0.31025.194
MinimumVisualStudioVersion = 10.0.40219.1
Project("{FAE04EC0-301F-11D3-BF4B-00C04F79EFBC}") = "Reflection_HasASecret_Console", "Reflection_HasASecret_Console.csproj", "{A08C5BFA-5556-4180-9F13-E80FA9FA33DA}"
EndProject
Global
	GlobalSection(SolutionConfigurationPlatforms) = preSolution
		Debug|Any CPU = Debug|Any CPU
		Release|Any CPU = Release|Any CPU
	EndGlobalSection
	GlobalSection(ProjectConfigurationPlatforms) = postSolution
		{A08C5BFA-5556-4180-9F13-E80FA9FA33DA}.Debug|Any CPU.ActiveCfg = Debug|Any CPU
		{A08C5BFA-5556-4180-9F13-E80FA9FA33DA}.Debug|Any CPU.Build.0 = Debug|Any CPU
		{A08C5BFA-5556-4180-9F13-E80FA9FA33DA}.Release|Any CPU.ActiveCfg = Release|Any CPU
		{A08C5BFA-5556-4180-9F13-E80FA9FA33DA}.Release|Any CPU.Build.0 = Release|Any CPU
	EndGlobalSection
	GlobalSection(SolutionProperties) = preSolution
		HideSolutionNode = FALSE
	EndGlobalSection
	GlobalSection(ExtensibilityGlobals) = postSolution
		SolutionGuid = {74B80323-64A4-4BF9-A678-33293DBB9D53}
	EndGlobalSection
EndGlobal
